
Microsoft Visual Studio Solution File, Format Version 12.00
# Visual Studio Version 17
VisualStudioVersion = 17.14.36414.22
MinimumVisualStudioVersion = 10.0.40219.1
Project("{FAE04EC0-301F-11D3-BF4B-00C04F79EFBC}") = "QLCafe.Presentation", "QLCafe.Presentation.csproj", "{8DA6A041-4F32-46F2-A66B-020CC71B3D90}"
EndProject
Project("{FAE04EC0-301F-11D3-BF4B-00C04F79EFBC}") = "QLCafe.Application", "..\QLCafe.Application\QLCafe.Application.csproj", "{BAE7D490-EB75-46FD-BB94-B2847E934A8D}"
EndProject
Project("{FAE04EC0-301F-11D3-BF4B-00C04F79EFBC}") = "QLCafe.Domain", "..\QLCafe.Domain\QLCafe.Domain.csproj", "{8C229F03-439E-4822-A52C-035D5A7A3162}"
EndProject
Project("{FAE04EC0-301F-11D3-BF4B-00C04F79EFBC}") = "QLCafe.Infrastructure", "..\QLCafe.Infrastructure\QLCafe.Infrastructure.csproj", "{5ECC6666-92D1-41F5-801C-97D0B5956BC9}"
EndProject
Project("{FAE04EC0-301F-11D3-BF4B-00C04F79EFBC}") = "QLCafe.Shared", "..\QLCafe.Shared\QLCafe.Shared.csproj", "{F703C6FD-106E-42C6-8CD0-6393BD937709}"
EndProject
Global
	GlobalSection(SolutionConfigurationPlatforms) = preSolution
		Debug|Any CPU = Debug|Any CPU
		Release|Any CPU = Release|Any CPU
	EndGlobalSection
	GlobalSection(ProjectConfigurationPlatforms) = postSolution
		{8DA6A041-4F32-46F2-A66B-020CC71B3D90}.Debug|Any CPU.ActiveCfg = Debug|Any CPU
		{8DA6A041-4F32-46F2-A66B-020CC71B3D90}.Debug|Any CPU.Build.0 = Debug|Any CPU
		{8DA6A041-4F32-46F2-A66B-020CC71B3D90}.Release|Any CPU.ActiveCfg = Release|Any CPU
		{8DA6A041-4F32-46F2-A66B-020CC71B3D90}.Release|Any CPU.Build.0 = Release|Any CPU
		{BAE7D490-EB75-46FD-BB94-B2847E934A8D}.Debug|Any CPU.ActiveCfg = Debug|Any CPU
		{BAE7D490-EB75-46FD-BB94-B2847E934A8D}.Debug|Any CPU.Build.0 = Debug|Any CPU
		{BAE7D490-EB75-46FD-BB94-B2847E934A8D}.Release|Any CPU.ActiveCfg = Release|Any CPU
		{BAE7D490-EB75-46FD-BB94-B2847E934A8D}.Release|Any CPU.Build.0 = Release|Any CPU
		{8C229F03-439E-4822-A52C-035D5A7A3162}.Debug|Any CPU.ActiveCfg = Debug|Any CPU
		{8C229F03-439E-4822-A52C-035D5A7A3162}.Debug|Any CPU.Build.0 = Debug|Any CPU
		{8C229F03-439E-4822-A52C-035D5A7A3162}.Release|Any CPU.ActiveCfg = Release|Any CPU
		{8C229F03-439E-4822-A52C-035D5A7A3162}.Release|Any CPU.Build.0 = Release|Any CPU
		{5ECC6666-92D1-41F5-801C-97D0B5956BC9}.Debug|Any CPU.ActiveCfg = Debug|Any CPU
		{5ECC6666-92D1-41F5-801C-97D0B5956BC9}.Debug|Any CPU.Build.0 = Debug|Any CPU
		{5ECC6666-92D1-41F5-801C-97D0B5956BC9}.Release|Any CPU.ActiveCfg = Release|Any CPU
		{5ECC6666-92D1-41F5-801C-97D0B5956BC9}.Release|Any CPU.Build.0 = Release|Any CPU
		{F703C6FD-106E-42C6-8CD0-6393BD937709}.Debug|Any CPU.ActiveCfg = Debug|Any CPU
		{F703C6FD-106E-42C6-8CD0-6393BD937709}.Debug|Any CPU.Build.0 = Debug|Any CPU
		{F703C6FD-106E-42C6-8CD0-6393BD937709}.Release|Any CPU.ActiveCfg = Release|Any CPU
		{F703C6FD-106E-42C6-8CD0-6393BD937709}.Release|Any CPU.Build.0 = Release|Any CPU
	EndGlobalSection
	GlobalSection(SolutionProperties) = preSolution
		HideSolutionNode = FALSE
	EndGlobalSection
	GlobalSection(ExtensibilityGlobals) = postSolution
		SolutionGuid = {77511E67-CE42-4731-9474-E1B9A9A9140F}
	EndGlobalSection
EndGlobal
